// !$*UTF8*$!
{
	archiveVersion = 1;
	classes = {
	};
	objectVersion = 46;
	objects = {

/* Begin PBXBuildFile section */
		138A5852489749B1A0FB23DD /* libPods.a in Frameworks */ = {isa = PBXBuildFile; fileRef = FE559F8E7EA1490191CEE423 /* libPods.a */; };
		CE10A9FC199E16FF009D100B /* Main.storyboard in Resources */ = {isa = PBXBuildFile; fileRef = CE10A9FB199E16FF009D100B /* Main.storyboard */; };
		CE115DAA199FA2A000682D97 /* panghoming.jpg in Resources */ = {isa = PBXBuildFile; fileRef = CE115DA9199FA2A000682D97 /* panghoming.jpg */; };
		CE115DAC199FB7E600682D97 /* harryng.jpg in Resources */ = {isa = PBXBuildFile; fileRef = CE115DAB199FB7E600682D97 /* harryng.jpg */; };
		CE115DAF199FB97000682D97 /* beaconHub_largelogo.png in Resources */ = {isa = PBXBuildFile; fileRef = CE115DAD199FB97000682D97 /* beaconHub_largelogo.png */; };
		CE115DB0199FB97000682D97 /* beaconHub_logo.png in Resources */ = {isa = PBXBuildFile; fileRef = CE115DAE199FB97000682D97 /* beaconHub_logo.png */; };
		CE20F64519B1105000B8628C /* MainHostViewController.m in Sources */ = {isa = PBXBuildFile; fileRef = CE20F64419B1105000B8628C /* MainHostViewController.m */; };
		CE20F64819B1AB0900B8628C /* BeaconTableViewController.m in Sources */ = {isa = PBXBuildFile; fileRef = CE20F64719B1AB0900B8628C /* BeaconTableViewController.m */; };
		CE20F65119B1B61800B8628C /* UIImage+Utils.m in Sources */ = {isa = PBXBuildFile; fileRef = CE20F64A19B1B61800B8628C /* UIImage+Utils.m */; };
		CE20F65219B1B61800B8628C /* BaseAnimation.m in Sources */ = {isa = PBXBuildFile; fileRef = CE20F64C19B1B61800B8628C /* BaseAnimation.m */; };
		CE20F65319B1B61800B8628C /* CellToPageViewAnimation.m in Sources */ = {isa = PBXBuildFile; fileRef = CE20F64E19B1B61800B8628C /* CellToPageViewAnimation.m */; };
		CE20F65419B1B61800B8628C /* PageViewToCellAnimation.m in Sources */ = {isa = PBXBuildFile; fileRef = CE20F65019B1B61800B8628C /* PageViewToCellAnimation.m */; };
		CE20F65919B1B63200B8628C /* TableViewController.m in Sources */ = {isa = PBXBuildFile; fileRef = CE20F65619B1B63200B8628C /* TableViewController.m */; };
		CE20F65A19B1B63200B8628C /* PageViewController.m in Sources */ = {isa = PBXBuildFile; fileRef = CE20F65819B1B63200B8628C /* PageViewController.m */; };
		CE20F65C19B1B91B00B8628C /* CoreGraphics.framework in Frameworks */ = {isa = PBXBuildFile; fileRef = CE20F65B19B1B91B00B8628C /* CoreGraphics.framework */; };
		CE20F65F19B1F4F300B8628C /* JCRBlurView.m in Sources */ = {isa = PBXBuildFile; fileRef = CE20F65E19B1F4F300B8628C /* JCRBlurView.m */; };
		CE20F66219B1FC3400B8628C /* UIColor+RandomColor.m in Sources */ = {isa = PBXBuildFile; fileRef = CE20F66119B1FC3400B8628C /* UIColor+RandomColor.m */; };
		CE20F66819B2211800B8628C /* ProximaNova-Bold.ttf in Resources */ = {isa = PBXBuildFile; fileRef = CE20F66319B2211800B8628C /* ProximaNova-Bold.ttf */; };
		CE20F66919B2211800B8628C /* ProximaNova-Light.ttf in Resources */ = {isa = PBXBuildFile; fileRef = CE20F66419B2211800B8628C /* ProximaNova-Light.ttf */; };
		CE20F66A19B2211800B8628C /* ProximaNova-Reg.ttf in Resources */ = {isa = PBXBuildFile; fileRef = CE20F66519B2211800B8628C /* ProximaNova-Reg.ttf */; };
		CE20F66B19B2211800B8628C /* ProximaNova-Sbold.ttf in Resources */ = {isa = PBXBuildFile; fileRef = CE20F66619B2211800B8628C /* ProximaNova-Sbold.ttf */; };
		CE20F66C19B2211800B8628C /* ProximaNova-Thin.ttf in Resources */ = {isa = PBXBuildFile; fileRef = CE20F66719B2211800B8628C /* ProximaNova-Thin.ttf */; };
		CE20F67819B2F66B00B8628C /* CSCell.m in Sources */ = {isa = PBXBuildFile; fileRef = CE20F66F19B2F66B00B8628C /* CSCell.m */; };
		CE20F67919B2F66B00B8628C /* CSAlwaysOnTopHeader.m in Sources */ = {isa = PBXBuildFile; fileRef = CE20F67119B2F66B00B8628C /* CSAlwaysOnTopHeader.m */; };
		CE20F67A19B2F66B00B8628C /* CSSectionHeader.xib in Resources */ = {isa = PBXBuildFile; fileRef = CE20F67219B2F66B00B8628C /* CSSectionHeader.xib */; };
		CE20F67B19B2F66B00B8628C /* CSCell.xib in Resources */ = {isa = PBXBuildFile; fileRef = CE20F67319B2F66B00B8628C /* CSCell.xib */; };
		CE20F67C19B2F66B00B8628C /* CSParallaxHeader.xib in Resources */ = {isa = PBXBuildFile; fileRef = CE20F67419B2F66B00B8628C /* CSParallaxHeader.xib */; };
		CE20F67D19B2F66B00B8628C /* CSSearchBarHeader.xib in Resources */ = {isa = PBXBuildFile; fileRef = CE20F67519B2F66B00B8628C /* CSSearchBarHeader.xib */; };
		CE20F67E19B2F66B00B8628C /* CSGrowHeader.xib in Resources */ = {isa = PBXBuildFile; fileRef = CE20F67619B2F66B00B8628C /* CSGrowHeader.xib */; };
		CE20F67F19B2F66B00B8628C /* CSAlwaysOnTopHeader.xib in Resources */ = {isa = PBXBuildFile; fileRef = CE20F67719B2F66B00B8628C /* CSAlwaysOnTopHeader.xib */; };
		CE20F68219B2F6A700B8628C /* CSParallaxHeaderViewController.m in Sources */ = {isa = PBXBuildFile; fileRef = CE20F68119B2F6A700B8628C /* CSParallaxHeaderViewController.m */; };
		CE20F68519B40D0500B8628C /* WebViewController.m in Sources */ = {isa = PBXBuildFile; fileRef = CE20F68419B40D0500B8628C /* WebViewController.m */; };
		CE321A3C199E123A00D7787E /* main.m in Sources */ = {isa = PBXBuildFile; fileRef = CE321A3B199E123A00D7787E /* main.m */; };
		CE321A3F199E123A00D7787E /* AppDelegate.m in Sources */ = {isa = PBXBuildFile; fileRef = CE321A3E199E123A00D7787E /* AppDelegate.m */; };
		CE321A60199E14BE00D7787E /* MuseoSans-100.otf in Resources */ = {isa = PBXBuildFile; fileRef = CE321A5D199E14BE00D7787E /* MuseoSans-100.otf */; };
		CE321A61199E14BE00D7787E /* MuseoSans-300.otf in Resources */ = {isa = PBXBuildFile; fileRef = CE321A5E199E14BE00D7787E /* MuseoSans-300.otf */; };
		CE321A62199E14BE00D7787E /* MuseoSans-500.otf in Resources */ = {isa = PBXBuildFile; fileRef = CE321A5F199E14BE00D7787E /* MuseoSans-500.otf */; };
		CE321A67199E150300D7787E /* ChatViewController.m in Sources */ = {isa = PBXBuildFile; fileRef = CE321A64199E150300D7787E /* ChatViewController.m */; };
		CE321A68199E150300D7787E /* ProfileViewController.m in Sources */ = {isa = PBXBuildFile; fileRef = CE321A66199E150300D7787E /* ProfileViewController.m */; };
		CE321A6B199E151100D7787E /* ViewController.m in Sources */ = {isa = PBXBuildFile; fileRef = CE321A6A199E151100D7787E /* ViewController.m */; };
		CE449319199F452A00296D6A /* BeaconDetailViewController.m in Sources */ = {isa = PBXBuildFile; fileRef = CE449318199F452A00296D6A /* BeaconDetailViewController.m */; };
		CE526E6819AEED290065E511 /* MapKit.framework in Frameworks */ = {isa = PBXBuildFile; fileRef = CE526E6719AEED290065E511 /* MapKit.framework */; };
		CE895B1C199F3E8100937999 /* MHTsekotCell.m in Sources */ = {isa = PBXBuildFile; fileRef = CE895B17199F3E8100937999 /* MHTsekotCell.m */; };
		CE895B1D199F3E8100937999 /* MHYahooParallaxView.m in Sources */ = {isa = PBXBuildFile; fileRef = CE895B19199F3E8100937999 /* MHYahooParallaxView.m */; };
		CE895B1E199F3E8100937999 /* MHYahooParallaxCollectionViewLayout.m in Sources */ = {isa = PBXBuildFile; fileRef = CE895B1A199F3E8100937999 /* MHYahooParallaxCollectionViewLayout.m */; };
		CE895B27199F3ECB00937999 /* content-1.png in Resources */ = {isa = PBXBuildFile; fileRef = CE895B1F199F3ECB00937999 /* content-1.png */; };
		CE895B28199F3ECB00937999 /* content-1@2x.png in Resources */ = {isa = PBXBuildFile; fileRef = CE895B20199F3ECB00937999 /* content-1@2x.png */; };
		CE895B29199F3ECB00937999 /* content-2.png in Resources */ = {isa = PBXBuildFile; fileRef = CE895B21199F3ECB00937999 /* content-2.png */; };
		CE895B2A199F3ECB00937999 /* content-2@2x.png in Resources */ = {isa = PBXBuildFile; fileRef = CE895B22199F3ECB00937999 /* content-2@2x.png */; };
		CE895B2B199F3ECB00937999 /* content-3.png in Resources */ = {isa = PBXBuildFile; fileRef = CE895B23199F3ECB00937999 /* content-3.png */; };
		CE895B2C199F3ECB00937999 /* content-3@2x.png in Resources */ = {isa = PBXBuildFile; fileRef = CE895B24199F3ECB00937999 /* content-3@2x.png */; };
		CE895B2D199F3ECB00937999 /* header_bg.png in Resources */ = {isa = PBXBuildFile; fileRef = CE895B25199F3ECB00937999 /* header_bg.png */; };
		CE895B2E199F3ECB00937999 /* header_bg@2x.png in Resources */ = {isa = PBXBuildFile; fileRef = CE895B26199F3ECB00937999 /* header_bg@2x.png */; };
		CE895B33199F40A000937999 /* BeaconListViewController.m in Sources */ = {isa = PBXBuildFile; fileRef = CE895B32199F40A000937999 /* BeaconListViewController.m */; };
		CE8E628C199F469B00424866 /* GoogleMaps.framework in Frameworks */ = {isa = PBXBuildFile; fileRef = CE8E628B199F469B00424866 /* GoogleMaps.framework */; };
		CE8E628E199F46CF00424866 /* GoogleMaps.bundle in Resources */ = {isa = PBXBuildFile; fileRef = CE8E628D199F46CF00424866 /* GoogleMaps.bundle */; };
		CE8E6290199F471900424866 /* AVFoundation.framework in Frameworks */ = {isa = PBXBuildFile; fileRef = CE8E628F199F471900424866 /* AVFoundation.framework */; };
		CE8E6292199F472000424866 /* CoreData.framework in Frameworks */ = {isa = PBXBuildFile; fileRef = CE8E6291199F472000424866 /* CoreData.framework */; };
		CE8E6294199F472900424866 /* CoreLocation.framework in Frameworks */ = {isa = PBXBuildFile; fileRef = CE8E6293199F472900424866 /* CoreLocation.framework */; };
		CE8E6296199F472F00424866 /* CoreText.framework in Frameworks */ = {isa = PBXBuildFile; fileRef = CE8E6295199F472F00424866 /* CoreText.framework */; };
		CE8E6298199F473500424866 /* GLKit.framework in Frameworks */ = {isa = PBXBuildFile; fileRef = CE8E6297199F473500424866 /* GLKit.framework */; };
		CE8E629A199F473B00424866 /* ImageIO.framework in Frameworks */ = {isa = PBXBuildFile; fileRef = CE8E6299199F473B00424866 /* ImageIO.framework */; };
		CE8E629C199F474500424866 /* libc++.dylib in Frameworks */ = {isa = PBXBuildFile; fileRef = CE8E629B199F474500424866 /* libc++.dylib */; };
		CE8E629E199F475000424866 /* libicucore.dylib in Frameworks */ = {isa = PBXBuildFile; fileRef = CE8E629D199F475000424866 /* libicucore.dylib */; };
		CE8E62A0199F475700424866 /* libz.dylib in Frameworks */ = {isa = PBXBuildFile; fileRef = CE8E629F199F475700424866 /* libz.dylib */; };
		CE8E62A2199F475E00424866 /* OpenGLES.framework in Frameworks */ = {isa = PBXBuildFile; fileRef = CE8E62A1199F475E00424866 /* OpenGLES.framework */; };
		CE8E62A4199F476400424866 /* QuartzCore.framework in Frameworks */ = {isa = PBXBuildFile; fileRef = CE8E62A3199F476400424866 /* QuartzCore.framework */; };
		CE8E62A6199F476B00424866 /* SystemConfiguration.framework in Frameworks */ = {isa = PBXBuildFile; fileRef = CE8E62A5199F476B00424866 /* SystemConfiguration.framework */; };
		CE8F185F199E167C00489139 /* Image.xcassets in Resources */ = {isa = PBXBuildFile; fileRef = CE8F185E199E167C00489139 /* Image.xcassets */; };
		CE9BC95C19A086D800629D8E /* CoreBluetooth.framework in Frameworks */ = {isa = PBXBuildFile; fileRef = CE9BC95B19A086D800629D8E /* CoreBluetooth.framework */; };
/* End PBXBuildFile section */

/* Begin PBXFileReference section */
		3412C2D01B1B4FA2B7D833C4 /* Pods.xcconfig */ = {isa = PBXFileReference; includeInIndex = 1; lastKnownFileType = text.xcconfig; name = Pods.xcconfig; path = Pods/Pods.xcconfig; sourceTree = "<group>"; };
		CE10A9FB199E16FF009D100B /* Main.storyboard */ = {isa = PBXFileReference; fileEncoding = 4; lastKnownFileType = file.storyboard; path = Main.storyboard; sourceTree = "<group>"; };
		CE115DA9199FA2A000682D97 /* panghoming.jpg */ = {isa = PBXFileReference; lastKnownFileType = image.jpeg; path = panghoming.jpg; sourceTree = "<group>"; };
		CE115DAB199FB7E600682D97 /* harryng.jpg */ = {isa = PBXFileReference; lastKnownFileType = image.jpeg; path = harryng.jpg; sourceTree = "<group>"; };
		CE115DAD199FB97000682D97 /* beaconHub_largelogo.png */ = {isa = PBXFileReference; lastKnownFileType = image.png; path = beaconHub_largelogo.png; sourceTree = "<group>"; };
		CE115DAE199FB97000682D97 /* beaconHub_logo.png */ = {isa = PBXFileReference; lastKnownFileType = image.png; path = beaconHub_logo.png; sourceTree = "<group>"; };
		CE20F64319B1105000B8628C /* MainHostViewController.h */ = {isa = PBXFileReference; fileEncoding = 4; lastKnownFileType = sourcecode.c.h; path = MainHostViewController.h; sourceTree = "<group>"; };
		CE20F64419B1105000B8628C /* MainHostViewController.m */ = {isa = PBXFileReference; fileEncoding = 4; lastKnownFileType = sourcecode.c.objc; path = MainHostViewController.m; sourceTree = "<group>"; };
		CE20F64619B1AB0900B8628C /* BeaconTableViewController.h */ = {isa = PBXFileReference; fileEncoding = 4; lastKnownFileType = sourcecode.c.h; path = BeaconTableViewController.h; sourceTree = "<group>"; };
		CE20F64719B1AB0900B8628C /* BeaconTableViewController.m */ = {isa = PBXFileReference; fileEncoding = 4; lastKnownFileType = sourcecode.c.objc; path = BeaconTableViewController.m; sourceTree = "<group>"; };
		CE20F64919B1B61800B8628C /* UIImage+Utils.h */ = {isa = PBXFileReference; fileEncoding = 4; lastKnownFileType = sourcecode.c.h; path = "UIImage+Utils.h"; sourceTree = "<group>"; };
		CE20F64A19B1B61800B8628C /* UIImage+Utils.m */ = {isa = PBXFileReference; fileEncoding = 4; lastKnownFileType = sourcecode.c.objc; path = "UIImage+Utils.m"; sourceTree = "<group>"; };
		CE20F64B19B1B61800B8628C /* BaseAnimation.h */ = {isa = PBXFileReference; fileEncoding = 4; lastKnownFileType = sourcecode.c.h; path = BaseAnimation.h; sourceTree = "<group>"; };
		CE20F64C19B1B61800B8628C /* BaseAnimation.m */ = {isa = PBXFileReference; fileEncoding = 4; lastKnownFileType = sourcecode.c.objc; path = BaseAnimation.m; sourceTree = "<group>"; };
		CE20F64D19B1B61800B8628C /* CellToPageViewAnimation.h */ = {isa = PBXFileReference; fileEncoding = 4; lastKnownFileType = sourcecode.c.h; path = CellToPageViewAnimation.h; sourceTree = "<group>"; };
		CE20F64E19B1B61800B8628C /* CellToPageViewAnimation.m */ = {isa = PBXFileReference; fileEncoding = 4; lastKnownFileType = sourcecode.c.objc; path = CellToPageViewAnimation.m; sourceTree = "<group>"; };
		CE20F64F19B1B61800B8628C /* PageViewToCellAnimation.h */ = {isa = PBXFileReference; fileEncoding = 4; lastKnownFileType = sourcecode.c.h; path = PageViewToCellAnimation.h; sourceTree = "<group>"; };
		CE20F65019B1B61800B8628C /* PageViewToCellAnimation.m */ = {isa = PBXFileReference; fileEncoding = 4; lastKnownFileType = sourcecode.c.objc; path = PageViewToCellAnimation.m; sourceTree = "<group>"; };
		CE20F65519B1B63200B8628C /* TableViewController.h */ = {isa = PBXFileReference; fileEncoding = 4; lastKnownFileType = sourcecode.c.h; path = TableViewController.h; sourceTree = "<group>"; };
		CE20F65619B1B63200B8628C /* TableViewController.m */ = {isa = PBXFileReference; fileEncoding = 4; lastKnownFileType = sourcecode.c.objc; path = TableViewController.m; sourceTree = "<group>"; };
		CE20F65719B1B63200B8628C /* PageViewController.h */ = {isa = PBXFileReference; fileEncoding = 4; lastKnownFileType = sourcecode.c.h; path = PageViewController.h; sourceTree = "<group>"; };
		CE20F65819B1B63200B8628C /* PageViewController.m */ = {isa = PBXFileReference; fileEncoding = 4; lastKnownFileType = sourcecode.c.objc; path = PageViewController.m; sourceTree = "<group>"; };
		CE20F65B19B1B91B00B8628C /* CoreGraphics.framework */ = {isa = PBXFileReference; lastKnownFileType = wrapper.framework; name = CoreGraphics.framework; path = System/Library/Frameworks/CoreGraphics.framework; sourceTree = SDKROOT; };
		CE20F65D19B1F4F300B8628C /* JCRBlurView.h */ = {isa = PBXFileReference; fileEncoding = 4; lastKnownFileType = sourcecode.c.h; path = JCRBlurView.h; sourceTree = "<group>"; };
		CE20F65E19B1F4F300B8628C /* JCRBlurView.m */ = {isa = PBXFileReference; fileEncoding = 4; lastKnownFileType = sourcecode.c.objc; path = JCRBlurView.m; sourceTree = "<group>"; };
		CE20F66019B1FC3400B8628C /* UIColor+RandomColor.h */ = {isa = PBXFileReference; fileEncoding = 4; lastKnownFileType = sourcecode.c.h; path = "UIColor+RandomColor.h"; sourceTree = "<group>"; };
		CE20F66119B1FC3400B8628C /* UIColor+RandomColor.m */ = {isa = PBXFileReference; fileEncoding = 4; lastKnownFileType = sourcecode.c.objc; path = "UIColor+RandomColor.m"; sourceTree = "<group>"; };
		CE20F66319B2211800B8628C /* ProximaNova-Bold.ttf */ = {isa = PBXFileReference; lastKnownFileType = file; path = "ProximaNova-Bold.ttf"; sourceTree = "<group>"; };
		CE20F66419B2211800B8628C /* ProximaNova-Light.ttf */ = {isa = PBXFileReference; lastKnownFileType = file; path = "ProximaNova-Light.ttf"; sourceTree = "<group>"; };
		CE20F66519B2211800B8628C /* ProximaNova-Reg.ttf */ = {isa = PBXFileReference; lastKnownFileType = file; path = "ProximaNova-Reg.ttf"; sourceTree = "<group>"; };
		CE20F66619B2211800B8628C /* ProximaNova-Sbold.ttf */ = {isa = PBXFileReference; lastKnownFileType = file; path = "ProximaNova-Sbold.ttf"; sourceTree = "<group>"; };
		CE20F66719B2211800B8628C /* ProximaNova-Thin.ttf */ = {isa = PBXFileReference; lastKnownFileType = file; path = "ProximaNova-Thin.ttf"; sourceTree = "<group>"; };
		CE20F66E19B2F66B00B8628C /* CSCell.h */ = {isa = PBXFileReference; fileEncoding = 4; lastKnownFileType = sourcecode.c.h; path = CSCell.h; sourceTree = "<group>"; };
		CE20F66F19B2F66B00B8628C /* CSCell.m */ = {isa = PBXFileReference; fileEncoding = 4; lastKnownFileType = sourcecode.c.objc; path = CSCell.m; sourceTree = "<group>"; };
		CE20F67019B2F66B00B8628C /* CSAlwaysOnTopHeader.h */ = {isa = PBXFileReference; fileEncoding = 4; lastKnownFileType = sourcecode.c.h; path = CSAlwaysOnTopHeader.h; sourceTree = "<group>"; };
		CE20F67119B2F66B00B8628C /* CSAlwaysOnTopHeader.m */ = {isa = PBXFileReference; fileEncoding = 4; lastKnownFileType = sourcecode.c.objc; path = CSAlwaysOnTopHeader.m; sourceTree = "<group>"; };
		CE20F67219B2F66B00B8628C /* CSSectionHeader.xib */ = {isa = PBXFileReference; fileEncoding = 4; lastKnownFileType = file.xib; path = CSSectionHeader.xib; sourceTree = "<group>"; };
		CE20F67319B2F66B00B8628C /* CSCell.xib */ = {isa = PBXFileReference; fileEncoding = 4; lastKnownFileType = file.xib; path = CSCell.xib; sourceTree = "<group>"; };
		CE20F67419B2F66B00B8628C /* CSParallaxHeader.xib */ = {isa = PBXFileReference; fileEncoding = 4; lastKnownFileType = file.xib; path = CSParallaxHeader.xib; sourceTree = "<group>"; };
		CE20F67519B2F66B00B8628C /* CSSearchBarHeader.xib */ = {isa = PBXFileReference; fileEncoding = 4; lastKnownFileType = file.xib; path = CSSearchBarHeader.xib; sourceTree = "<group>"; };
		CE20F67619B2F66B00B8628C /* CSGrowHeader.xib */ = {isa = PBXFileReference; fileEncoding = 4; lastKnownFileType = file.xib; path = CSGrowHeader.xib; sourceTree = "<group>"; };
		CE20F67719B2F66B00B8628C /* CSAlwaysOnTopHeader.xib */ = {isa = PBXFileReference; fileEncoding = 4; lastKnownFileType = file.xib; path = CSAlwaysOnTopHeader.xib; sourceTree = "<group>"; };
		CE20F68019B2F6A700B8628C /* CSParallaxHeaderViewController.h */ = {isa = PBXFileReference; fileEncoding = 4; lastKnownFileType = sourcecode.c.h; path = CSParallaxHeaderViewController.h; sourceTree = "<group>"; };
		CE20F68119B2F6A700B8628C /* CSParallaxHeaderViewController.m */ = {isa = PBXFileReference; fileEncoding = 4; lastKnownFileType = sourcecode.c.objc; path = CSParallaxHeaderViewController.m; sourceTree = "<group>"; };
		CE20F68319B40D0500B8628C /* WebViewController.h */ = {isa = PBXFileReference; fileEncoding = 4; lastKnownFileType = sourcecode.c.h; path = WebViewController.h; sourceTree = "<group>"; };
		CE20F68419B40D0500B8628C /* WebViewController.m */ = {isa = PBXFileReference; fileEncoding = 4; lastKnownFileType = sourcecode.c.objc; path = WebViewController.m; sourceTree = "<group>"; };
		CE321A36199E123A00D7787E /* iBeacon-Hackathon.app */ = {isa = PBXFileReference; explicitFileType = wrapper.application; includeInIndex = 0; path = "iBeacon-Hackathon.app"; sourceTree = BUILT_PRODUCTS_DIR; };
		CE321A3A199E123A00D7787E /* Info.plist */ = {isa = PBXFileReference; lastKnownFileType = text.plist.xml; path = Info.plist; sourceTree = "<group>"; };
		CE321A3B199E123A00D7787E /* main.m */ = {isa = PBXFileReference; lastKnownFileType = sourcecode.c.objc; path = main.m; sourceTree = "<group>"; };
		CE321A3D199E123A00D7787E /* AppDelegate.h */ = {isa = PBXFileReference; lastKnownFileType = sourcecode.c.h; path = AppDelegate.h; sourceTree = "<group>"; };
		CE321A3E199E123A00D7787E /* AppDelegate.m */ = {isa = PBXFileReference; lastKnownFileType = sourcecode.c.objc; path = AppDelegate.m; sourceTree = "<group>"; };
		CE321A51199E123B00D7787E /* Info.plist */ = {isa = PBXFileReference; lastKnownFileType = text.plist.xml; path = Info.plist; sourceTree = "<group>"; };
		CE321A52199E123B00D7787E /* iBeacon_HackathonTests.m */ = {isa = PBXFileReference; lastKnownFileType = sourcecode.c.objc; path = iBeacon_HackathonTests.m; sourceTree = "<group>"; };
		CE321A5D199E14BE00D7787E /* MuseoSans-100.otf */ = {isa = PBXFileReference; lastKnownFileType = file; path = "MuseoSans-100.otf"; sourceTree = "<group>"; };
		CE321A5E199E14BE00D7787E /* MuseoSans-300.otf */ = {isa = PBXFileReference; lastKnownFileType = file; path = "MuseoSans-300.otf"; sourceTree = "<group>"; };
		CE321A5F199E14BE00D7787E /* MuseoSans-500.otf */ = {isa = PBXFileReference; lastKnownFileType = file; path = "MuseoSans-500.otf"; sourceTree = "<group>"; };
		CE321A63199E150300D7787E /* ChatViewController.h */ = {isa = PBXFileReference; fileEncoding = 4; lastKnownFileType = sourcecode.c.h; path = ChatViewController.h; sourceTree = "<group>"; };
		CE321A64199E150300D7787E /* ChatViewController.m */ = {isa = PBXFileReference; fileEncoding = 4; lastKnownFileType = sourcecode.c.objc; path = ChatViewController.m; sourceTree = "<group>"; };
		CE321A65199E150300D7787E /* ProfileViewController.h */ = {isa = PBXFileReference; fileEncoding = 4; lastKnownFileType = sourcecode.c.h; path = ProfileViewController.h; sourceTree = "<group>"; };
		CE321A66199E150300D7787E /* ProfileViewController.m */ = {isa = PBXFileReference; fileEncoding = 4; lastKnownFileType = sourcecode.c.objc; path = ProfileViewController.m; sourceTree = "<group>"; };
		CE321A69199E151100D7787E /* ViewController.h */ = {isa = PBXFileReference; fileEncoding = 4; lastKnownFileType = sourcecode.c.h; path = ViewController.h; sourceTree = "<group>"; };
		CE321A6A199E151100D7787E /* ViewController.m */ = {isa = PBXFileReference; fileEncoding = 4; lastKnownFileType = sourcecode.c.objc; path = ViewController.m; sourceTree = "<group>"; };
		CE449317199F452A00296D6A /* BeaconDetailViewController.h */ = {isa = PBXFileReference; fileEncoding = 4; lastKnownFileType = sourcecode.c.h; path = BeaconDetailViewController.h; sourceTree = "<group>"; };
		CE449318199F452A00296D6A /* BeaconDetailViewController.m */ = {isa = PBXFileReference; fileEncoding = 4; lastKnownFileType = sourcecode.c.objc; path = BeaconDetailViewController.m; sourceTree = "<group>"; };
		CE526E6719AEED290065E511 /* MapKit.framework */ = {isa = PBXFileReference; lastKnownFileType = wrapper.framework; name = MapKit.framework; path = System/Library/Frameworks/MapKit.framework; sourceTree = SDKROOT; };
		CE895B16199F3E8100937999 /* MHTsekotCell.h */ = {isa = PBXFileReference; fileEncoding = 4; lastKnownFileType = sourcecode.c.h; path = MHTsekotCell.h; sourceTree = "<group>"; };
		CE895B17199F3E8100937999 /* MHTsekotCell.m */ = {isa = PBXFileReference; fileEncoding = 4; lastKnownFileType = sourcecode.c.objc; path = MHTsekotCell.m; sourceTree = "<group>"; };
		CE895B18199F3E8100937999 /* MHYahooParallaxView.h */ = {isa = PBXFileReference; fileEncoding = 4; lastKnownFileType = sourcecode.c.h; path = MHYahooParallaxView.h; sourceTree = "<group>"; };
		CE895B19199F3E8100937999 /* MHYahooParallaxView.m */ = {isa = PBXFileReference; fileEncoding = 4; lastKnownFileType = sourcecode.c.objc; path = MHYahooParallaxView.m; sourceTree = "<group>"; };
		CE895B1A199F3E8100937999 /* MHYahooParallaxCollectionViewLayout.m */ = {isa = PBXFileReference; fileEncoding = 4; lastKnownFileType = sourcecode.c.objc; path = MHYahooParallaxCollectionViewLayout.m; sourceTree = "<group>"; };
		CE895B1B199F3E8100937999 /* MHYahooParallaxCollectionViewLayout.h */ = {isa = PBXFileReference; fileEncoding = 4; lastKnownFileType = sourcecode.c.h; path = MHYahooParallaxCollectionViewLayout.h; sourceTree = "<group>"; };
		CE895B1F199F3ECB00937999 /* content-1.png */ = {isa = PBXFileReference; lastKnownFileType = image.png; path = "content-1.png"; sourceTree = "<group>"; };
		CE895B20199F3ECB00937999 /* content-1@2x.png */ = {isa = PBXFileReference; lastKnownFileType = image.png; path = "content-1@2x.png"; sourceTree = "<group>"; };
		CE895B21199F3ECB00937999 /* content-2.png */ = {isa = PBXFileReference; lastKnownFileType = image.png; path = "content-2.png"; sourceTree = "<group>"; };
		CE895B22199F3ECB00937999 /* content-2@2x.png */ = {isa = PBXFileReference; lastKnownFileType = image.png; path = "content-2@2x.png"; sourceTree = "<group>"; };
		CE895B23199F3ECB00937999 /* content-3.png */ = {isa = PBXFileReference; lastKnownFileType = image.png; path = "content-3.png"; sourceTree = "<group>"; };
		CE895B24199F3ECB00937999 /* content-3@2x.png */ = {isa = PBXFileReference; lastKnownFileType = image.png; path = "content-3@2x.png"; sourceTree = "<group>"; };
		CE895B25199F3ECB00937999 /* header_bg.png */ = {isa = PBXFileReference; lastKnownFileType = image.png; path = header_bg.png; sourceTree = "<group>"; };
		CE895B26199F3ECB00937999 /* header_bg@2x.png */ = {isa = PBXFileReference; lastKnownFileType = image.png; path = "header_bg@2x.png"; sourceTree = "<group>"; };
		CE895B32199F40A000937999 /* BeaconListViewController.m */ = {isa = PBXFileReference; fileEncoding = 4; lastKnownFileType = sourcecode.c.objc; path = BeaconListViewController.m; sourceTree = "<group>"; };
		CE895B34199F40B700937999 /* BeaconListViewController.h */ = {isa = PBXFileReference; fileEncoding = 4; lastKnownFileType = sourcecode.c.h; path = BeaconListViewController.h; sourceTree = "<group>"; };
		CE8E628B199F469B00424866 /* GoogleMaps.framework */ = {isa = PBXFileReference; lastKnownFileType = wrapper.framework; path = GoogleMaps.framework; sourceTree = "<group>"; };
		CE8E628D199F46CF00424866 /* GoogleMaps.bundle */ = {isa = PBXFileReference; lastKnownFileType = "wrapper.plug-in"; name = GoogleMaps.bundle; path = GoogleMaps.framework/Versions/A/Resources/GoogleMaps.bundle; sourceTree = "<group>"; };
		CE8E628F199F471900424866 /* AVFoundation.framework */ = {isa = PBXFileReference; lastKnownFileType = wrapper.framework; name = AVFoundation.framework; path = System/Library/Frameworks/AVFoundation.framework; sourceTree = SDKROOT; };
		CE8E6291199F472000424866 /* CoreData.framework */ = {isa = PBXFileReference; lastKnownFileType = wrapper.framework; name = CoreData.framework; path = System/Library/Frameworks/CoreData.framework; sourceTree = SDKROOT; };
		CE8E6293199F472900424866 /* CoreLocation.framework */ = {isa = PBXFileReference; lastKnownFileType = wrapper.framework; name = CoreLocation.framework; path = System/Library/Frameworks/CoreLocation.framework; sourceTree = SDKROOT; };
		CE8E6295199F472F00424866 /* CoreText.framework */ = {isa = PBXFileReference; lastKnownFileType = wrapper.framework; name = CoreText.framework; path = System/Library/Frameworks/CoreText.framework; sourceTree = SDKROOT; };
		CE8E6297199F473500424866 /* GLKit.framework */ = {isa = PBXFileReference; lastKnownFileType = wrapper.framework; name = GLKit.framework; path = System/Library/Frameworks/GLKit.framework; sourceTree = SDKROOT; };
		CE8E6299199F473B00424866 /* ImageIO.framework */ = {isa = PBXFileReference; lastKnownFileType = wrapper.framework; name = ImageIO.framework; path = System/Library/Frameworks/ImageIO.framework; sourceTree = SDKROOT; };
		CE8E629B199F474500424866 /* libc++.dylib */ = {isa = PBXFileReference; lastKnownFileType = "compiled.mach-o.dylib"; name = "libc++.dylib"; path = "usr/lib/libc++.dylib"; sourceTree = SDKROOT; };
		CE8E629D199F475000424866 /* libicucore.dylib */ = {isa = PBXFileReference; lastKnownFileType = "compiled.mach-o.dylib"; name = libicucore.dylib; path = usr/lib/libicucore.dylib; sourceTree = SDKROOT; };
		CE8E629F199F475700424866 /* libz.dylib */ = {isa = PBXFileReference; lastKnownFileType = "compiled.mach-o.dylib"; name = libz.dylib; path = usr/lib/libz.dylib; sourceTree = SDKROOT; };
		CE8E62A1199F475E00424866 /* OpenGLES.framework */ = {isa = PBXFileReference; lastKnownFileType = wrapper.framework; name = OpenGLES.framework; path = System/Library/Frameworks/OpenGLES.framework; sourceTree = SDKROOT; };
		CE8E62A3199F476400424866 /* QuartzCore.framework */ = {isa = PBXFileReference; lastKnownFileType = wrapper.framework; name = QuartzCore.framework; path = System/Library/Frameworks/QuartzCore.framework; sourceTree = SDKROOT; };
		CE8E62A5199F476B00424866 /* SystemConfiguration.framework */ = {isa = PBXFileReference; lastKnownFileType = wrapper.framework; name = SystemConfiguration.framework; path = System/Library/Frameworks/SystemConfiguration.framework; sourceTree = SDKROOT; };
		CE8F185E199E167C00489139 /* Image.xcassets */ = {isa = PBXFileReference; lastKnownFileType = folder.assetcatalog; path = Image.xcassets; sourceTree = "<group>"; };
		CE9BC95B19A086D800629D8E /* CoreBluetooth.framework */ = {isa = PBXFileReference; lastKnownFileType = wrapper.framework; name = CoreBluetooth.framework; path = System/Library/Frameworks/CoreBluetooth.framework; sourceTree = SDKROOT; };
		FE559F8E7EA1490191CEE423 /* libPods.a */ = {isa = PBXFileReference; explicitFileType = archive.ar; includeInIndex = 0; path = libPods.a; sourceTree = BUILT_PRODUCTS_DIR; };
/* End PBXFileReference section */

/* Begin PBXFrameworksBuildPhase section */
		CE321A33199E123A00D7787E /* Frameworks */ = {
			isa = PBXFrameworksBuildPhase;
			buildActionMask = 2147483647;
			files = (
				CE20F65C19B1B91B00B8628C /* CoreGraphics.framework in Frameworks */,
				CE526E6819AEED290065E511 /* MapKit.framework in Frameworks */,
				CE9BC95C19A086D800629D8E /* CoreBluetooth.framework in Frameworks */,
				CE8E6294199F472900424866 /* CoreLocation.framework in Frameworks */,
				CE8E62A6199F476B00424866 /* SystemConfiguration.framework in Frameworks */,
				CE8E62A4199F476400424866 /* QuartzCore.framework in Frameworks */,
				CE8E62A2199F475E00424866 /* OpenGLES.framework in Frameworks */,
				CE8E62A0199F475700424866 /* libz.dylib in Frameworks */,
				CE8E629E199F475000424866 /* libicucore.dylib in Frameworks */,
				CE8E629C199F474500424866 /* libc++.dylib in Frameworks */,
				CE8E629A199F473B00424866 /* ImageIO.framework in Frameworks */,
				CE8E6298199F473500424866 /* GLKit.framework in Frameworks */,
				CE8E6296199F472F00424866 /* CoreText.framework in Frameworks */,
				CE8E6292199F472000424866 /* CoreData.framework in Frameworks */,
				CE8E6290199F471900424866 /* AVFoundation.framework in Frameworks */,
				CE8E628C199F469B00424866 /* GoogleMaps.framework in Frameworks */,
				138A5852489749B1A0FB23DD /* libPods.a in Frameworks */,
			);
			runOnlyForDeploymentPostprocessing = 0;
		};
/* End PBXFrameworksBuildPhase section */

/* Begin PBXGroup section */
		CE20F66D19B2F65900B8628C /* Cell */ = {
			isa = PBXGroup;
			children = (
				CE20F66E19B2F66B00B8628C /* CSCell.h */,
				CE20F66F19B2F66B00B8628C /* CSCell.m */,
				CE20F67019B2F66B00B8628C /* CSAlwaysOnTopHeader.h */,
				CE20F67119B2F66B00B8628C /* CSAlwaysOnTopHeader.m */,
				CE20F67219B2F66B00B8628C /* CSSectionHeader.xib */,
				CE20F67319B2F66B00B8628C /* CSCell.xib */,
				CE20F67419B2F66B00B8628C /* CSParallaxHeader.xib */,
				CE20F67519B2F66B00B8628C /* CSSearchBarHeader.xib */,
				CE20F67619B2F66B00B8628C /* CSGrowHeader.xib */,
				CE20F67719B2F66B00B8628C /* CSAlwaysOnTopHeader.xib */,
			);
			name = Cell;
			sourceTree = "<group>";
		};
		CE321A2D199E123A00D7787E = {
			isa = PBXGroup;
			children = (
				CE321A38199E123A00D7787E /* iBeacon-Hackathon */,
				CE321A4F199E123B00D7787E /* iBeacon-HackathonTests */,
				CE321A37199E123A00D7787E /* Products */,
				3412C2D01B1B4FA2B7D833C4 /* Pods.xcconfig */,
				DB65E01BBB784BCBAC3ABBA8 /* Frameworks */,
			);
			sourceTree = "<group>";
		};
		CE321A37199E123A00D7787E /* Products */ = {
			isa = PBXGroup;
			children = (
				CE321A36199E123A00D7787E /* iBeacon-Hackathon.app */,
			);
			name = Products;
			sourceTree = "<group>";
		};
		CE321A38199E123A00D7787E /* iBeacon-Hackathon */ = {
			isa = PBXGroup;
			children = (
				CE20F66D19B2F65900B8628C /* Cell */,
				CE321A5C199E14A900D7787E /* Fonts */,
				CE115DA9199FA2A000682D97 /* panghoming.jpg */,
				CE115DAB199FB7E600682D97 /* harryng.jpg */,
				CE115DAD199FB97000682D97 /* beaconHub_largelogo.png */,
				CE115DAE199FB97000682D97 /* beaconHub_logo.png */,
				CE321A3D199E123A00D7787E /* AppDelegate.h */,
				CE321A3E199E123A00D7787E /* AppDelegate.m */,
				CE20F68019B2F6A700B8628C /* CSParallaxHeaderViewController.h */,
				CE20F68119B2F6A700B8628C /* CSParallaxHeaderViewController.m */,
				CE20F68319B40D0500B8628C /* WebViewController.h */,
				CE20F68419B40D0500B8628C /* WebViewController.m */,
				CE20F64619B1AB0900B8628C /* BeaconTableViewController.h */,
				CE20F64719B1AB0900B8628C /* BeaconTableViewController.m */,
				CE895B34199F40B700937999 /* BeaconListViewController.h */,
				CE895B32199F40A000937999 /* BeaconListViewController.m */,
				CE895B16199F3E8100937999 /* MHTsekotCell.h */,
				CE895B17199F3E8100937999 /* MHTsekotCell.m */,
				CE895B18199F3E8100937999 /* MHYahooParallaxView.h */,
				CE895B19199F3E8100937999 /* MHYahooParallaxView.m */,
				CE895B1B199F3E8100937999 /* MHYahooParallaxCollectionViewLayout.h */,
				CE895B1A199F3E8100937999 /* MHYahooParallaxCollectionViewLayout.m */,
				CE321A69199E151100D7787E /* ViewController.h */,
				CE321A6A199E151100D7787E /* ViewController.m */,
				CE449317199F452A00296D6A /* BeaconDetailViewController.h */,
				CE449318199F452A00296D6A /* BeaconDetailViewController.m */,
				CE321A63199E150300D7787E /* ChatViewController.h */,
				CE321A64199E150300D7787E /* ChatViewController.m */,
				CE321A65199E150300D7787E /* ProfileViewController.h */,
				CE321A66199E150300D7787E /* ProfileViewController.m */,
				CE10A9FB199E16FF009D100B /* Main.storyboard */,
				CE20F66319B2211800B8628C /* ProximaNova-Bold.ttf */,
				CE20F66419B2211800B8628C /* ProximaNova-Light.ttf */,
				CE20F66519B2211800B8628C /* ProximaNova-Reg.ttf */,
				CE20F66619B2211800B8628C /* ProximaNova-Sbold.ttf */,
				CE20F66719B2211800B8628C /* ProximaNova-Thin.ttf */,
				CE8F185E199E167C00489139 /* Image.xcassets */,
				CE20F64919B1B61800B8628C /* UIImage+Utils.h */,
				CE20F64A19B1B61800B8628C /* UIImage+Utils.m */,
				CE20F64B19B1B61800B8628C /* BaseAnimation.h */,
				CE20F64C19B1B61800B8628C /* BaseAnimation.m */,
				CE20F64D19B1B61800B8628C /* CellToPageViewAnimation.h */,
				CE20F64E19B1B61800B8628C /* CellToPageViewAnimation.m */,
				CE20F64F19B1B61800B8628C /* PageViewToCellAnimation.h */,
				CE20F65019B1B61800B8628C /* PageViewToCellAnimation.m */,
				CE20F65519B1B63200B8628C /* TableViewController.h */,
				CE20F65619B1B63200B8628C /* TableViewController.m */,
				CE20F65719B1B63200B8628C /* PageViewController.h */,
				CE20F65819B1B63200B8628C /* PageViewController.m */,
				CE20F65D19B1F4F300B8628C /* JCRBlurView.h */,
				CE20F65E19B1F4F300B8628C /* JCRBlurView.m */,
				CE20F66019B1FC3400B8628C /* UIColor+RandomColor.h */,
				CE20F66119B1FC3400B8628C /* UIColor+RandomColor.m */,
				CE321A39199E123A00D7787E /* Supporting Files */,
				CE20F64319B1105000B8628C /* MainHostViewController.h */,
				CE20F64419B1105000B8628C /* MainHostViewController.m */,
			);
			path = "iBeacon-Hackathon";
			sourceTree = "<group>";
		};
		CE321A39199E123A00D7787E /* Supporting Files */ = {
			isa = PBXGroup;
			children = (
				CE321A3A199E123A00D7787E /* Info.plist */,
				CE321A3B199E123A00D7787E /* main.m */,
			);
			name = "Supporting Files";
			sourceTree = "<group>";
		};
		CE321A4F199E123B00D7787E /* iBeacon-HackathonTests */ = {
			isa = PBXGroup;
			children = (
				CE321A52199E123B00D7787E /* iBeacon_HackathonTests.m */,
				CE321A50199E123B00D7787E /* Supporting Files */,
			);
			path = "iBeacon-HackathonTests";
			sourceTree = "<group>";
		};
		CE321A50199E123B00D7787E /* Supporting Files */ = {
			isa = PBXGroup;
			children = (
				CE321A51199E123B00D7787E /* Info.plist */,
			);
			name = "Supporting Files";
			sourceTree = "<group>";
		};
		CE321A5C199E14A900D7787E /* Fonts */ = {
			isa = PBXGroup;
			children = (
				CE321A5D199E14BE00D7787E /* MuseoSans-100.otf */,
				CE321A5E199E14BE00D7787E /* MuseoSans-300.otf */,
				CE321A5F199E14BE00D7787E /* MuseoSans-500.otf */,
				CE895B1F199F3ECB00937999 /* content-1.png */,
				CE895B20199F3ECB00937999 /* content-1@2x.png */,
				CE895B21199F3ECB00937999 /* content-2.png */,
				CE895B22199F3ECB00937999 /* content-2@2x.png */,
				CE895B23199F3ECB00937999 /* content-3.png */,
				CE895B24199F3ECB00937999 /* content-3@2x.png */,
				CE895B25199F3ECB00937999 /* header_bg.png */,
				CE895B26199F3ECB00937999 /* header_bg@2x.png */,
			);
			name = Fonts;
			sourceTree = "<group>";
		};
		DB65E01BBB784BCBAC3ABBA8 /* Frameworks */ = {
			isa = PBXGroup;
			children = (
				CE20F65B19B1B91B00B8628C /* CoreGraphics.framework */,
				CE526E6719AEED290065E511 /* MapKit.framework */,
				CE9BC95B19A086D800629D8E /* CoreBluetooth.framework */,
				CE8E62A5199F476B00424866 /* SystemConfiguration.framework */,
				CE8E62A3199F476400424866 /* QuartzCore.framework */,
				CE8E62A1199F475E00424866 /* OpenGLES.framework */,
				CE8E629F199F475700424866 /* libz.dylib */,
				CE8E629D199F475000424866 /* libicucore.dylib */,
				CE8E629B199F474500424866 /* libc++.dylib */,
				CE8E6299199F473B00424866 /* ImageIO.framework */,
				CE8E6297199F473500424866 /* GLKit.framework */,
				CE8E6295199F472F00424866 /* CoreText.framework */,
				CE8E6293199F472900424866 /* CoreLocation.framework */,
				CE8E6291199F472000424866 /* CoreData.framework */,
				CE8E628F199F471900424866 /* AVFoundation.framework */,
				CE8E628D199F46CF00424866 /* GoogleMaps.bundle */,
				CE8E628B199F469B00424866 /* GoogleMaps.framework */,
				FE559F8E7EA1490191CEE423 /* libPods.a */,
			);
			name = Frameworks;
			sourceTree = "<group>";
		};
/* End PBXGroup section */

/* Begin PBXNativeTarget section */
		CE321A35199E123A00D7787E /* iBeacon-Hackathon */ = {
			isa = PBXNativeTarget;
			buildConfigurationList = CE321A56199E123B00D7787E /* Build configuration list for PBXNativeTarget "iBeacon-Hackathon" */;
			buildPhases = (
				65B30861AFFC4011AF7F5561 /* Check Pods Manifest.lock */,
				CE321A32199E123A00D7787E /* Sources */,
				CE321A33199E123A00D7787E /* Frameworks */,
				CE321A34199E123A00D7787E /* Resources */,
				68E5C6D7E4054C0DB33A5389 /* Copy Pods Resources */,
			);
			buildRules = (
			);
			dependencies = (
			);
			name = "iBeacon-Hackathon";
			productName = "iBeacon-Hackathon";
			productReference = CE321A36199E123A00D7787E /* iBeacon-Hackathon.app */;
			productType = "com.apple.product-type.application";
		};
/* End PBXNativeTarget section */

/* Begin PBXProject section */
		CE321A2E199E123A00D7787E /* Project object */ = {
			isa = PBXProject;
			attributes = {
				LastUpgradeCheck = 0600;
				ORGANIZATIONNAME = "HO MING PANG";
				TargetAttributes = {
					CE321A35199E123A00D7787E = {
						CreatedOnToolsVersion = 6.0;
						DevelopmentTeam = 49V87TT95M;
						SystemCapabilities = {
							com.apple.BackgroundModes = {
								enabled = 1;
							};
						};
					};
				};
			};
			buildConfigurationList = CE321A31199E123A00D7787E /* Build configuration list for PBXProject "iBeacon-Hackathon" */;
			compatibilityVersion = "Xcode 3.2";
			developmentRegion = English;
			hasScannedForEncodings = 0;
			knownRegions = (
				en,
				Base,
			);
			mainGroup = CE321A2D199E123A00D7787E;
			productRefGroup = CE321A37199E123A00D7787E /* Products */;
			projectDirPath = "";
			projectRoot = "";
			targets = (
				CE321A35199E123A00D7787E /* iBeacon-Hackathon */,
			);
		};
/* End PBXProject section */

/* Begin PBXResourcesBuildPhase section */
		CE321A34199E123A00D7787E /* Resources */ = {
			isa = PBXResourcesBuildPhase;
			buildActionMask = 2147483647;
			files = (
				CE20F67A19B2F66B00B8628C /* CSSectionHeader.xib in Resources */,
				CE20F67C19B2F66B00B8628C /* CSParallaxHeader.xib in Resources */,
				CE321A61199E14BE00D7787E /* MuseoSans-300.otf in Resources */,
				CE895B28199F3ECB00937999 /* content-1@2x.png in Resources */,
				CE895B29199F3ECB00937999 /* content-2.png in Resources */,
				CE20F67F19B2F66B00B8628C /* CSAlwaysOnTopHeader.xib in Resources */,
				CE895B2B199F3ECB00937999 /* content-3.png in Resources */,
				CE10A9FC199E16FF009D100B /* Main.storyboard in Resources */,
				CE115DAF199FB97000682D97 /* beaconHub_largelogo.png in Resources */,
				CE115DB0199FB97000682D97 /* beaconHub_logo.png in Resources */,
				CE20F66819B2211800B8628C /* ProximaNova-Bold.ttf in Resources */,
				CE20F67D19B2F66B00B8628C /* CSSearchBarHeader.xib in Resources */,
				CE20F67E19B2F66B00B8628C /* CSGrowHeader.xib in Resources */,
				CE115DAC199FB7E600682D97 /* harryng.jpg in Resources */,
				CE8F185F199E167C00489139 /* Image.xcassets in Resources */,
				CE20F66919B2211800B8628C /* ProximaNova-Light.ttf in Resources */,
				CE895B27199F3ECB00937999 /* content-1.png in Resources */,
				CE20F66C19B2211800B8628C /* ProximaNova-Thin.ttf in Resources */,
				CE20F67B19B2F66B00B8628C /* CSCell.xib in Resources */,
				CE115DAA199FA2A000682D97 /* panghoming.jpg in Resources */,
				CE321A62199E14BE00D7787E /* MuseoSans-500.otf in Resources */,
				CE321A60199E14BE00D7787E /* MuseoSans-100.otf in Resources */,
				CE895B2E199F3ECB00937999 /* header_bg@2x.png in Resources */,
				CE20F66B19B2211800B8628C /* ProximaNova-Sbold.ttf in Resources */,
				CE895B2D199F3ECB00937999 /* header_bg.png in Resources */,
				CE895B2C199F3ECB00937999 /* content-3@2x.png in Resources */,
				CE895B2A199F3ECB00937999 /* content-2@2x.png in Resources */,
				CE20F66A19B2211800B8628C /* ProximaNova-Reg.ttf in Resources */,
				CE8E628E199F46CF00424866 /* GoogleMaps.bundle in Resources */,
			);
			runOnlyForDeploymentPostprocessing = 0;
		};
/* End PBXResourcesBuildPhase section */

/* Begin PBXShellScriptBuildPhase section */
		65B30861AFFC4011AF7F5561 /* Check Pods Manifest.lock */ = {
			isa = PBXShellScriptBuildPhase;
			buildActionMask = 2147483647;
			files = (
			);
			inputPaths = (
			);
			name = "Check Pods Manifest.lock";
			outputPaths = (
			);
			runOnlyForDeploymentPostprocessing = 0;
			shellPath = /bin/sh;
			shellScript = "diff \"${PODS_ROOT}/../Podfile.lock\" \"${PODS_ROOT}/Manifest.lock\" > /dev/null\nif [[ $? != 0 ]] ; then\n    cat << EOM\nerror: The sandbox is not in sync with the Podfile.lock. Run 'pod install' or update your CocoaPods installation.\nEOM\n    exit 1\nfi\n";
			showEnvVarsInLog = 0;
		};
		68E5C6D7E4054C0DB33A5389 /* Copy Pods Resources */ = {
			isa = PBXShellScriptBuildPhase;
			buildActionMask = 2147483647;
			files = (
			);
			inputPaths = (
			);
			name = "Copy Pods Resources";
			outputPaths = (
			);
			runOnlyForDeploymentPostprocessing = 0;
			shellPath = /bin/sh;
			shellScript = "\"${SRCROOT}/Pods/Pods-resources.sh\"\n";
			showEnvVarsInLog = 0;
		};
/* End PBXShellScriptBuildPhase section */

/* Begin PBXSourcesBuildPhase section */
		CE321A32199E123A00D7787E /* Sources */ = {
			isa = PBXSourcesBuildPhase;
			buildActionMask = 2147483647;
			files = (
				CE895B33199F40A000937999 /* BeaconListViewController.m in Sources */,
				CE449319199F452A00296D6A /* BeaconDetailViewController.m in Sources */,
				CE20F65919B1B63200B8628C /* TableViewController.m in Sources */,
				CE20F68219B2F6A700B8628C /* CSParallaxHeaderViewController.m in Sources */,
				CE321A3F199E123A00D7787E /* AppDelegate.m in Sources */,
				CE20F65119B1B61800B8628C /* UIImage+Utils.m in Sources */,
				CE20F67819B2F66B00B8628C /* CSCell.m in Sources */,
				CE321A67199E150300D7787E /* ChatViewController.m in Sources */,
				CE895B1C199F3E8100937999 /* MHTsekotCell.m in Sources */,
				CE321A3C199E123A00D7787E /* main.m in Sources */,
				CE321A68199E150300D7787E /* ProfileViewController.m in Sources */,
				CE20F64519B1105000B8628C /* MainHostViewController.m in Sources */,
				CE20F65319B1B61800B8628C /* CellToPageViewAnimation.m in Sources */,
				CE20F65A19B1B63200B8628C /* PageViewController.m in Sources */,
				CE321A6B199E151100D7787E /* ViewController.m in Sources */,
				CE20F67919B2F66B00B8628C /* CSAlwaysOnTopHeader.m in Sources */,
				CE20F65F19B1F4F300B8628C /* JCRBlurView.m in Sources */,
				CE20F64819B1AB0900B8628C /* BeaconTableViewController.m in Sources */,
				CE895B1D199F3E8100937999 /* MHYahooParallaxView.m in Sources */,
				CE20F68519B40D0500B8628C /* WebViewController.m in Sources */,
				CE20F66219B1FC3400B8628C /* UIColor+RandomColor.m in Sources */,
				CE895B1E199F3E8100937999 /* MHYahooParallaxCollectionViewLayout.m in Sources */,
				CE20F65219B1B61800B8628C /* BaseAnimation.m in Sources */,
				CE20F65419B1B61800B8628C /* PageViewToCellAnimation.m in Sources */,
			);
			runOnlyForDeploymentPostprocessing = 0;
		};
/* End PBXSourcesBuildPhase section */

/* Begin XCBuildConfiguration section */
		CE321A54199E123B00D7787E /* Debug */ = {
			isa = XCBuildConfiguration;
			buildSettings = {
				ALWAYS_SEARCH_USER_PATHS = NO;
				CLANG_CXX_LANGUAGE_STANDARD = "gnu++0x";
				CLANG_CXX_LIBRARY = "libc++";
				CLANG_ENABLE_MODULES = YES;
				CLANG_ENABLE_OBJC_ARC = YES;
				CLANG_WARN_BOOL_CONVERSION = YES;
				CLANG_WARN_CONSTANT_CONVERSION = YES;
				CLANG_WARN_DIRECT_OBJC_ISA_USAGE = YES_ERROR;
				CLANG_WARN_EMPTY_BODY = YES;
				CLANG_WARN_ENUM_CONVERSION = YES;
				CLANG_WARN_INT_CONVERSION = YES;
				CLANG_WARN_OBJC_ROOT_CLASS = YES_ERROR;
				CLANG_WARN_UNREACHABLE_CODE = YES;
				CLANG_WARN__DUPLICATE_METHOD_MATCH = YES;
				"CODE_SIGN_IDENTITY[sdk=iphoneos*]" = "iPhone Developer";
				COPY_PHASE_STRIP = NO;
				ENABLE_STRICT_OBJC_MSGSEND = YES;
				GCC_C_LANGUAGE_STANDARD = gnu99;
				GCC_DYNAMIC_NO_PIC = NO;
				GCC_OPTIMIZATION_LEVEL = 0;
				GCC_PREPROCESSOR_DEFINITIONS = (
					"DEBUG=1",
					"$(inherited)",
				);
				GCC_SYMBOLS_PRIVATE_EXTERN = NO;
				GCC_WARN_64_TO_32_BIT_CONVERSION = YES;
				GCC_WARN_ABOUT_RETURN_TYPE = YES_ERROR;
				GCC_WARN_UNDECLARED_SELECTOR = YES;
				GCC_WARN_UNINITIALIZED_AUTOS = YES_AGGRESSIVE;
				GCC_WARN_UNUSED_FUNCTION = YES;
				GCC_WARN_UNUSED_VARIABLE = YES;
				IPHONEOS_DEPLOYMENT_TARGET = 7.1;
				MTL_ENABLE_DEBUG_INFO = YES;
				ONLY_ACTIVE_ARCH = YES;
				SDKROOT = iphoneos;
			};
			name = Debug;
		};
		CE321A55199E123B00D7787E /* Release */ = {
			isa = XCBuildConfiguration;
			buildSettings = {
				ALWAYS_SEARCH_USER_PATHS = NO;
				CLANG_CXX_LANGUAGE_STANDARD = "gnu++0x";
				CLANG_CXX_LIBRARY = "libc++";
				CLANG_ENABLE_MODULES = YES;
				CLANG_ENABLE_OBJC_ARC = YES;
				CLANG_WARN_BOOL_CONVERSION = YES;
				CLANG_WARN_CONSTANT_CONVERSION = YES;
				CLANG_WARN_DIRECT_OBJC_ISA_USAGE = YES_ERROR;
				CLANG_WARN_EMPTY_BODY = YES;
				CLANG_WARN_ENUM_CONVERSION = YES;
				CLANG_WARN_INT_CONVERSION = YES;
				CLANG_WARN_OBJC_ROOT_CLASS = YES_ERROR;
				CLANG_WARN_UNREACHABLE_CODE = YES;
				CLANG_WARN__DUPLICATE_METHOD_MATCH = YES;
				"CODE_SIGN_IDENTITY[sdk=iphoneos*]" = "iPhone Developer";
				COPY_PHASE_STRIP = YES;
				ENABLE_NS_ASSERTIONS = NO;
				ENABLE_STRICT_OBJC_MSGSEND = YES;
				GCC_C_LANGUAGE_STANDARD = gnu99;
				GCC_WARN_64_TO_32_BIT_CONVERSION = YES;
				GCC_WARN_ABOUT_RETURN_TYPE = YES_ERROR;
				GCC_WARN_UNDECLARED_SELECTOR = YES;
				GCC_WARN_UNINITIALIZED_AUTOS = YES_AGGRESSIVE;
				GCC_WARN_UNUSED_FUNCTION = YES;
				GCC_WARN_UNUSED_VARIABLE = YES;
				IPHONEOS_DEPLOYMENT_TARGET = 7.1;
				MTL_ENABLE_DEBUG_INFO = NO;
				SDKROOT = iphoneos;
				VALIDATE_PRODUCT = YES;
			};
			name = Release;
		};
		CE321A57199E123B00D7787E /* Debug */ = {
			isa = XCBuildConfiguration;
			baseConfigurationReference = 3412C2D01B1B4FA2B7D833C4 /* Pods.xcconfig */;
			buildSettings = {
				ASSETCATALOG_COMPILER_APPICON_NAME = AppIcon;
				ASSETCATALOG_COMPILER_LAUNCHIMAGE_NAME = LaunchImage;
				CODE_SIGN_IDENTITY = "iPhone Developer";
				"CODE_SIGN_IDENTITY[sdk=iphoneos*]" = "iPhone Developer";
				FRAMEWORK_SEARCH_PATHS = (
					"$(inherited)",
					"$(PROJECT_DIR)",
				);
				INFOPLIST_FILE = "iBeacon-Hackathon/Info.plist";
				IPHONEOS_DEPLOYMENT_TARGET = 8.0;
				LD_RUNPATH_SEARCH_PATHS = "$(inherited) @executable_path/Frameworks";
				PRODUCT_NAME = "$(TARGET_NAME)";
				PROVISIONING_PROFILE = "";
			};
			name = Debug;
		};
		CE321A58199E123B00D7787E /* Release */ = {
			isa = XCBuildConfiguration;
			baseConfigurationReference = 3412C2D01B1B4FA2B7D833C4 /* Pods.xcconfig */;
			buildSettings = {
				ASSETCATALOG_COMPILER_APPICON_NAME = AppIcon;
				ASSETCATALOG_COMPILER_LAUNCHIMAGE_NAME = LaunchImage;
				CODE_SIGN_IDENTITY = "iPhone Distribution: STAY REAL LIMITED";
				"CODE_SIGN_IDENTITY[sdk=iphoneos*]" = "iPhone Distribution: STAY REAL LIMITED";
				FRAMEWORK_SEARCH_PATHS = (
					"$(inherited)",
					"$(PROJECT_DIR)",
				);
				INFOPLIST_FILE = "iBeacon-Hackathon/Info.plist";
				IPHONEOS_DEPLOYMENT_TARGET = 8.0;
				LD_RUNPATH_SEARCH_PATHS = "$(inherited) @executable_path/Frameworks";
				PRODUCT_NAME = "$(TARGET_NAME)";
				PROVISIONING_PROFILE = "";
			};
			name = Release;
		};
/* End XCBuildConfiguration section */

/* Begin XCConfigurationList section */
		CE321A31199E123A00D7787E /* Build configuration list for PBXProject "iBeacon-Hackathon" */ = {
			isa = XCConfigurationList;
			buildConfigurations = (
				CE321A54199E123B00D7787E /* Debug */,
				CE321A55199E123B00D7787E /* Release */,
			);
			defaultConfigurationIsVisible = 0;
			defaultConfigurationName = Release;
		};
		CE321A56199E123B00D7787E /* Build configuration list for PBXNativeTarget "iBeacon-Hackathon" */ = {
			isa = XCConfigurationList;
			buildConfigurations = (
				CE321A57199E123B00D7787E /* Debug */,
				CE321A58199E123B00D7787E /* Release */,
			);
			defaultConfigurationIsVisible = 0;
			defaultConfigurationName = Release;
		};
/* End XCConfigurationList section */
	};
	rootObject = CE321A2E199E123A00D7787E /* Project object */;
}
